
Microsoft Visual Studio Solution File, Format Version 12.00
# Visual Studio Version 17
VisualStudioVersion = 17.8.34330.188
MinimumVisualStudioVersion = 10.0.40219.1
Project("{FAE04EC0-301F-11D3-BF4B-00C04F79EFBC}") = "ProyectoReservas", "ProyectoReservas\ProyectoReservas.csproj", "{358A101E-1174-4F6B-933A-4168F7C99A1F}"
EndProject
Global
	GlobalSection(SolutionConfigurationPlatforms) = preSolution
		Debug|Any CPU = Debug|Any CPU
		Release|Any CPU = Release|Any CPU
	EndGlobalSection
	GlobalSection(ProjectConfigurationPlatforms) = postSolution
		{358A101E-1174-4F6B-933A-4168F7C99A1F}.Debug|Any CPU.ActiveCfg = Debug|Any CPU
		{358A101E-1174-4F6B-933A-4168F7C99A1F}.Debug|Any CPU.Build.0 = Debug|Any CPU
		{358A101E-1174-4F6B-933A-4168F7C99A1F}.Release|Any CPU.ActiveCfg = Release|Any CPU
		{358A101E-1174-4F6B-933A-4168F7C99A1F}.Release|Any CPU.Build.0 = Release|Any CPU
	EndGlobalSection
	GlobalSection(SolutionProperties) = preSolution
		HideSolutionNode = FALSE
	EndGlobalSection
	GlobalSection(ExtensibilityGlobals) = postSolution
		SolutionGuid = {BA337C8F-ADB4-4295-A1D0-4D54F00ED38E}
	EndGlobalSection
EndGlobal
